
Microsoft Visual Studio Solution File, Format Version 12.00
# Visual Studio 15
VisualStudioVersion = 15.0.27004.2002
MinimumVisualStudioVersion = 10.0.40219.1
Project("{FAE04EC0-301F-11D3-BF4B-00C04F79EFBC}") = "Kata20171017_WhoLikesIt", "Kata20171017_WhoLikesIt\Kata20171017_WhoLikesIt.csproj", "{D9CFE6FA-74C2-490C-92C7-1C65538B732E}"
EndProject
Global
	GlobalSection(SolutionConfigurationPlatforms) = preSolution
		Debug|Any CPU = Debug|Any CPU
		Release|Any CPU = Release|Any CPU
	EndGlobalSection
	GlobalSection(ProjectConfigurationPlatforms) = postSolution
		{D9CFE6FA-74C2-490C-92C7-1C65538B732E}.Debug|Any CPU.ActiveCfg = Debug|Any CPU
		{D9CFE6FA-74C2-490C-92C7-1C65538B732E}.Debug|Any CPU.Build.0 = Debug|Any CPU
		{D9CFE6FA-74C2-490C-92C7-1C65538B732E}.Release|Any CPU.ActiveCfg = Release|Any CPU
		{D9CFE6FA-74C2-490C-92C7-1C65538B732E}.Release|Any CPU.Build.0 = Release|Any CPU
	EndGlobalSection
	GlobalSection(SolutionProperties) = preSolution
		HideSolutionNode = FALSE
	EndGlobalSection
	GlobalSection(ExtensibilityGlobals) = postSolution
		SolutionGuid = {BDEEFCBB-2FE4-4FEA-89E9-993C45A7BFE0}
	EndGlobalSection
EndGlobal
